// !$*UTF8*$!
{
	archiveVersion = 1;
	classes = {
	};
	objectVersion = 50;
	objects = {

/* Begin PBXBuildFile section */
		EE89C0A7244AB1D600077938 /* AppDelegate.swift in Sources */ = {isa = PBXBuildFile; fileRef = EE89C0A6244AB1D600077938 /* AppDelegate.swift */; };
		EE89C0A9244AB1D600077938 /* SceneDelegate.swift in Sources */ = {isa = PBXBuildFile; fileRef = EE89C0A8244AB1D600077938 /* SceneDelegate.swift */; };
		EE89C0AB244AB1D600077938 /* MemeMeEditorViewController.swift in Sources */ = {isa = PBXBuildFile; fileRef = EE89C0AA244AB1D600077938 /* MemeMeEditorViewController.swift */; };
		EE89C0AE244AB1D600077938 /* Main.storyboard in Resources */ = {isa = PBXBuildFile; fileRef = EE89C0AC244AB1D600077938 /* Main.storyboard */; };
		EE89C0B0244AB1D600077938 /* Assets.xcassets in Resources */ = {isa = PBXBuildFile; fileRef = EE89C0AF244AB1D600077938 /* Assets.xcassets */; };
		EE89C0B3244AB1D600077938 /* LaunchScreen.storyboard in Resources */ = {isa = PBXBuildFile; fileRef = EE89C0B1244AB1D600077938 /* LaunchScreen.storyboard */; };
		EE89C0BE244AB1D700077938 /* MemeMeTests.swift in Sources */ = {isa = PBXBuildFile; fileRef = EE89C0BD244AB1D700077938 /* MemeMeTests.swift */; };
		EEAFF223244FEC7200D54E0C /* MemeStruct.swift in Sources */ = {isa = PBXBuildFile; fileRef = EEAFF222244FEC7200D54E0C /* MemeStruct.swift */; };
/* End PBXBuildFile section */

/* Begin PBXContainerItemProxy section */
		EE89C0BA244AB1D700077938 /* PBXContainerItemProxy */ = {
			isa = PBXContainerItemProxy;
			containerPortal = EE89C09B244AB1D600077938 /* Project object */;
			proxyType = 1;
			remoteGlobalIDString = EE89C0A2244AB1D600077938;
			remoteInfo = MemeMe;
		};
/* End PBXContainerItemProxy section */

/* Begin PBXFileReference section */
		EE89C0A3244AB1D600077938 /* MemeMe.app */ = {isa = PBXFileReference; explicitFileType = wrapper.application; includeInIndex = 0; path = MemeMe.app; sourceTree = BUILT_PRODUCTS_DIR; };
		EE89C0A6244AB1D600077938 /* AppDelegate.swift */ = {isa = PBXFileReference; lastKnownFileType = sourcecode.swift; path = AppDelegate.swift; sourceTree = "<group>"; };
		EE89C0A8244AB1D600077938 /* SceneDelegate.swift */ = {isa = PBXFileReference; lastKnownFileType = sourcecode.swift; path = SceneDelegate.swift; sourceTree = "<group>"; };
		EE89C0AA244AB1D600077938 /* MemeMeEditorViewController.swift */ = {isa = PBXFileReference; lastKnownFileType = sourcecode.swift; path = MemeMeEditorViewController.swift; sourceTree = "<group>"; };
		EE89C0AD244AB1D600077938 /* Base */ = {isa = PBXFileReference; lastKnownFileType = file.storyboard; name = Base; path = Base.lproj/Main.storyboard; sourceTree = "<group>"; };
		EE89C0AF244AB1D600077938 /* Assets.xcassets */ = {isa = PBXFileReference; lastKnownFileType = folder.assetcatalog; path = Assets.xcassets; sourceTree = "<group>"; };
		EE89C0B2244AB1D600077938 /* Base */ = {isa = PBXFileReference; lastKnownFileType = file.storyboard; name = Base; path = Base.lproj/LaunchScreen.storyboard; sourceTree = "<group>"; };
		EE89C0B4244AB1D600077938 /* Info.plist */ = {isa = PBXFileReference; lastKnownFileType = text.plist.xml; path = Info.plist; sourceTree = "<group>"; };
		EE89C0B9244AB1D700077938 /* MemeMeTests.xctest */ = {isa = PBXFileReference; explicitFileType = wrapper.cfbundle; includeInIndex = 0; path = MemeMeTests.xctest; sourceTree = BUILT_PRODUCTS_DIR; };
		EE89C0BD244AB1D700077938 /* MemeMeTests.swift */ = {isa = PBXFileReference; lastKnownFileType = sourcecode.swift; path = MemeMeTests.swift; sourceTree = "<group>"; };
		EE89C0BF244AB1D700077938 /* Info.plist */ = {isa = PBXFileReference; lastKnownFileType = text.plist.xml; path = Info.plist; sourceTree = "<group>"; };
		EEAFF222244FEC7200D54E0C /* MemeStruct.swift */ = {isa = PBXFileReference; lastKnownFileType = sourcecode.swift; path = MemeStruct.swift; sourceTree = "<group>"; };
/* End PBXFileReference section */

/* Begin PBXFrameworksBuildPhase section */
		EE89C0A0244AB1D600077938 /* Frameworks */ = {
			isa = PBXFrameworksBuildPhase;
			buildActionMask = 2147483647;
			files = (
			);
			runOnlyForDeploymentPostprocessing = 0;
		};
		EE89C0B6244AB1D700077938 /* Frameworks */ = {
			isa = PBXFrameworksBuildPhase;
			buildActionMask = 2147483647;
			files = (
			);
			runOnlyForDeploymentPostprocessing = 0;
		};
/* End PBXFrameworksBuildPhase section */

/* Begin PBXGroup section */
		EE89C09A244AB1D600077938 = {
			isa = PBXGroup;
			children = (
				EE89C0A5244AB1D600077938 /* MemeMe */,
				EE89C0BC244AB1D700077938 /* MemeMeTests */,
				EE89C0A4244AB1D600077938 /* Products */,
			);
			sourceTree = "<group>";
		};
		EE89C0A4244AB1D600077938 /* Products */ = {
			isa = PBXGroup;
			children = (
				EE89C0A3244AB1D600077938 /* MemeMe.app */,
				EE89C0B9244AB1D700077938 /* MemeMeTests.xctest */,
			);
			name = Products;
			sourceTree = "<group>";
		};
		EE89C0A5244AB1D600077938 /* MemeMe */ = {
			isa = PBXGroup;
			children = (
				EE89C0A6244AB1D600077938 /* AppDelegate.swift */,
				EE89C0A8244AB1D600077938 /* SceneDelegate.swift */,
				EE89C0AA244AB1D600077938 /* MemeMeEditorViewController.swift */,
				EE89C0AC244AB1D600077938 /* Main.storyboard */,
				EE89C0AF244AB1D600077938 /* Assets.xcassets */,
				EE89C0B1244AB1D600077938 /* LaunchScreen.storyboard */,
				EE89C0B4244AB1D600077938 /* Info.plist */,
				EEAFF222244FEC7200D54E0C /* MemeStruct.swift */,
			);
			path = MemeMe;
			sourceTree = "<group>";
		};
		EE89C0BC244AB1D700077938 /* MemeMeTests */ = {
			isa = PBXGroup;
			children = (
				EE89C0BD244AB1D700077938 /* MemeMeTests.swift */,
				EE89C0BF244AB1D700077938 /* Info.plist */,
			);
			path = MemeMeTests;
			sourceTree = "<group>";
		};
/* End PBXGroup section */

/* Begin PBXNativeTarget section */
		EE89C0A2244AB1D600077938 /* MemeMe */ = {
			isa = PBXNativeTarget;
			buildConfigurationList = EE89C0C2244AB1D700077938 /* Build configuration list for PBXNativeTarget "MemeMe" */;
			buildPhases = (
				EE89C09F244AB1D600077938 /* Sources */,
				EE89C0A0244AB1D600077938 /* Frameworks */,
				EE89C0A1244AB1D600077938 /* Resources */,
			);
			buildRules = (
			);
			dependencies = (
			);
			name = MemeMe;
			productName = MemeMe;
			productReference = EE89C0A3244AB1D600077938 /* MemeMe.app */;
			productType = "com.apple.product-type.application";
		};
		EE89C0B8244AB1D700077938 /* MemeMeTests */ = {
			isa = PBXNativeTarget;
			buildConfigurationList = EE89C0C5244AB1D700077938 /* Build configuration list for PBXNativeTarget "MemeMeTests" */;
			buildPhases = (
				EE89C0B5244AB1D700077938 /* Sources */,
				EE89C0B6244AB1D700077938 /* Frameworks */,
				EE89C0B7244AB1D700077938 /* Resources */,
			);
			buildRules = (
			);
			dependencies = (
				EE89C0BB244AB1D700077938 /* PBXTargetDependency */,
			);
			name = MemeMeTests;
			productName = MemeMeTests;
			productReference = EE89C0B9244AB1D700077938 /* MemeMeTests.xctest */;
			productType = "com.apple.product-type.bundle.unit-test";
		};
/* End PBXNativeTarget section */

/* Begin PBXProject section */
		EE89C09B244AB1D600077938 /* Project object */ = {
			isa = PBXProject;
			attributes = {
				LastSwiftUpdateCheck = 1140;
				LastUpgradeCheck = 1140;
				ORGANIZATIONNAME = "Gerry Low";
				TargetAttributes = {
					EE89C0A2244AB1D600077938 = {
						CreatedOnToolsVersion = 11.4.1;
					};
					EE89C0B8244AB1D700077938 = {
						CreatedOnToolsVersion = 11.4.1;
						TestTargetID = EE89C0A2244AB1D600077938;
					};
				};
			};
			buildConfigurationList = EE89C09E244AB1D600077938 /* Build configuration list for PBXProject "MemeMe" */;
			compatibilityVersion = "Xcode 9.3";
			developmentRegion = en;
			hasScannedForEncodings = 0;
			knownRegions = (
				en,
				Base,
			);
			mainGroup = EE89C09A244AB1D600077938;
			productRefGroup = EE89C0A4244AB1D600077938 /* Products */;
			projectDirPath = "";
			projectRoot = "";
			targets = (
				EE89C0A2244AB1D600077938 /* MemeMe */,
				EE89C0B8244AB1D700077938 /* MemeMeTests */,
			);
		};
/* End PBXProject section */

/* Begin PBXResourcesBuildPhase section */
		EE89C0A1244AB1D600077938 /* Resources */ = {
			isa = PBXResourcesBuildPhase;
			buildActionMask = 2147483647;
			files = (
				EE89C0B3244AB1D600077938 /* LaunchScreen.storyboard in Resources */,
				EE89C0B0244AB1D600077938 /* Assets.xcassets in Resources */,
				EE89C0AE244AB1D600077938 /* Main.storyboard in Resources */,
			);
			runOnlyForDeploymentPostprocessing = 0;
		};
		EE89C0B7244AB1D700077938 /* Resources */ = {
			isa = PBXResourcesBuildPhase;
			buildActionMask = 2147483647;
			files = (
			);
			runOnlyForDeploymentPostprocessing = 0;
		};
/* End PBXResourcesBuildPhase section */

/* Begin PBXSourcesBuildPhase section */
		EE89C09F244AB1D600077938 /* Sources */ = {
			isa = PBXSourcesBuildPhase;
			buildActionMask = 2147483647;
			files = (
				EEAFF223244FEC7200D54E0C /* MemeStruct.swift in Sources */,
				EE89C0AB244AB1D600077938 /* MemeMeEditorViewController.swift in Sources */,
				EE89C0A7244AB1D600077938 /* AppDelegate.swift in Sources */,
				EE89C0A9244AB1D600077938 /* SceneDelegate.swift in Sources */,
			);
			runOnlyForDeploymentPostprocessing = 0;
		};
		EE89C0B5244AB1D700077938 /* Sources */ = {
			isa = PBXSourcesBuildPhase;
			buildActionMask = 2147483647;
			files = (
				EE89C0BE244AB1D700077938 /* MemeMeTests.swift in Sources */,
			);
			runOnlyForDeploymentPostprocessing = 0;
		};
/* End PBXSourcesBuildPhase section */

/* Begin PBXTargetDependency section */
		EE89C0BB244AB1D700077938 /* PBXTargetDependency */ = {
			isa = PBXTargetDependency;
			target = EE89C0A2244AB1D600077938 /* MemeMe */;
			targetProxy = EE89C0BA244AB1D700077938 /* PBXContainerItemProxy */;
		};
/* End PBXTargetDependency section */

/* Begin PBXVariantGroup section */
		EE89C0AC244AB1D600077938 /* Main.storyboard */ = {
			isa = PBXVariantGroup;
			children = (
				EE89C0AD244AB1D600077938 /* Base */,
			);
			name = Main.storyboard;
			sourceTree = "<group>";
		};
		EE89C0B1244AB1D600077938 /* LaunchScreen.storyboard */ = {
			isa = PBXVariantGroup;
			children = (
				EE89C0B2244AB1D600077938 /* Base */,
			);
			name = LaunchScreen.storyboard;
			sourceTree = "<group>";
		};
/* End PBXVariantGroup section */

/* Begin XCBuildConfiguration section */
		EE89C0C0244AB1D700077938 /* Debug */ = {
			isa = XCBuildConfiguration;
			buildSettings = {
				ALWAYS_SEARCH_USER_PATHS = NO;
				CLANG_ANALYZER_NONNULL = YES;
				CLANG_ANALYZER_NUMBER_OBJECT_CONVERSION = YES_AGGRESSIVE;
				CLANG_CXX_LANGUAGE_STANDARD = "gnu++14";
				CLANG_CXX_LIBRARY = "libc++";
				CLANG_ENABLE_MODULES = YES;
				CLANG_ENABLE_OBJC_ARC = YES;
				CLANG_ENABLE_OBJC_WEAK = YES;
				CLANG_WARN_BLOCK_CAPTURE_AUTORELEASING = YES;
				CLANG_WARN_BOOL_CONVERSION = YES;
				CLANG_WARN_COMMA = YES;
				CLANG_WARN_CONSTANT_CONVERSION = YES;
				CLANG_WARN_DEPRECATED_OBJC_IMPLEMENTATIONS = YES;
				CLANG_WARN_DIRECT_OBJC_ISA_USAGE = YES_ERROR;
				CLANG_WARN_DOCUMENTATION_COMMENTS = YES;
				CLANG_WARN_EMPTY_BODY = YES;
				CLANG_WARN_ENUM_CONVERSION = YES;
				CLANG_WARN_INFINITE_RECURSION = YES;
				CLANG_WARN_INT_CONVERSION = YES;
				CLANG_WARN_NON_LITERAL_NULL_CONVERSION = YES;
				CLANG_WARN_OBJC_IMPLICIT_RETAIN_SELF = YES;
				CLANG_WARN_OBJC_LITERAL_CONVERSION = YES;
				CLANG_WARN_OBJC_ROOT_CLASS = YES_ERROR;
				CLANG_WARN_RANGE_LOOP_ANALYSIS = YES;
				CLANG_WARN_STRICT_PROTOTYPES = YES;
				CLANG_WARN_SUSPICIOUS_MOVE = YES;
				CLANG_WARN_UNGUARDED_AVAILABILITY = YES_AGGRESSIVE;
				CLANG_WARN_UNREACHABLE_CODE = YES;
				CLANG_WARN__DUPLICATE_METHOD_MATCH = YES;
				COPY_PHASE_STRIP = NO;
				DEBUG_INFORMATION_FORMAT = dwarf;
				ENABLE_STRICT_OBJC_MSGSEND = YES;
				ENABLE_TESTABILITY = YES;
				GCC_C_LANGUAGE_STANDARD = gnu11;
				GCC_DYNAMIC_NO_PIC = NO;
				GCC_NO_COMMON_BLOCKS = YES;
				GCC_OPTIMIZATION_LEVEL = 0;
				GCC_PREPROCESSOR_DEFINITIONS = (
					"DEBUG=1",
					"$(inherited)",
				);
				GCC_WARN_64_TO_32_BIT_CONVERSION = YES;
				GCC_WARN_ABOUT_RETURN_TYPE = YES_ERROR;
				GCC_WARN_UNDECLARED_SELECTOR = YES;
				GCC_WARN_UNINITIALIZED_AUTOS = YES_AGGRESSIVE;
				GCC_WARN_UNUSED_FUNCTION = YES;
				GCC_WARN_UNUSED_VARIABLE = YES;
				IPHONEOS_DEPLOYMENT_TARGET = 13.4;
				MTL_ENABLE_DEBUG_INFO = INCLUDE_SOURCE;
				MTL_FAST_MATH = YES;
				ONLY_ACTIVE_ARCH = YES;
				SDKROOT = iphoneos;
				SWIFT_ACTIVE_COMPILATION_CONDITIONS = DEBUG;
				SWIFT_OPTIMIZATION_LEVEL = "-Onone";
			};
			name = Debug;
		};
		EE89C0C1244AB1D700077938 /* Release */ = {
			isa = XCBuildConfiguration;
			buildSettings = {
				ALWAYS_SEARCH_USER_PATHS = NO;
				CLANG_ANALYZER_NONNULL = YES;
				CLANG_ANALYZER_NUMBER_OBJECT_CONVERSION = YES_AGGRESSIVE;
				CLANG_CXX_LANGUAGE_STANDARD = "gnu++14";
				CLANG_CXX_LIBRARY = "libc++";
				CLANG_ENABLE_MODULES = YES;
				CLANG_ENABLE_OBJC_ARC = YES;
				CLANG_ENABLE_OBJC_WEAK = YES;
				CLANG_WARN_BLOCK_CAPTURE_AUTORELEASING = YES;
				CLANG_WARN_BOOL_CONVERSION = YES;
				CLANG_WARN_COMMA = YES;
				CLANG_WARN_CONSTANT_CONVERSION = YES;
				CLANG_WARN_DEPRECATED_OBJC_IMPLEMENTATIONS = YES;
				CLANG_WARN_DIRECT_OBJC_ISA_USAGE = YES_ERROR;
				CLANG_WARN_DOCUMENTATION_COMMENTS = YES;
				CLANG_WARN_EMPTY_BODY = YES;
				CLANG_WARN_ENUM_CONVERSION = YES;
				CLANG_WARN_INFINITE_RECURSION = YES;
				CLANG_WARN_INT_CONVERSION = YES;
				CLANG_WARN_NON_LITERAL_NULL_CONVERSION = YES;
				CLANG_WARN_OBJC_IMPLICIT_RETAIN_SELF = YES;
				CLANG_WARN_OBJC_LITERAL_CONVERSION = YES;
				CLANG_WARN_OBJC_ROOT_CLASS = YES_ERROR;
				CLANG_WARN_RANGE_LOOP_ANALYSIS = YES;
				CLANG_WARN_STRICT_PROTOTYPES = YES;
				CLANG_WARN_SUSPICIOUS_MOVE = YES;
				CLANG_WARN_UNGUARDED_AVAILABILITY = YES_AGGRESSIVE;
				CLANG_WARN_UNREACHABLE_CODE = YES;
				CLANG_WARN__DUPLICATE_METHOD_MATCH = YES;
				COPY_PHASE_STRIP = NO;
				DEBUG_INFORMATION_FORMAT = "dwarf-with-dsym";
				ENABLE_NS_ASSERTIONS = NO;
				ENABLE_STRICT_OBJC_MSGSEND = YES;
				GCC_C_LANGUAGE_STANDARD = gnu11;
				GCC_NO_COMMON_BLOCKS = YES;
				GCC_WARN_64_TO_32_BIT_CONVERSION = YES;
				GCC_WARN_ABOUT_RETURN_TYPE = YES_ERROR;
				GCC_WARN_UNDECLARED_SELECTOR = YES;
				GCC_WARN_UNINITIALIZED_AUTOS = YES_AGGRESSIVE;
				GCC_WARN_UNUSED_FUNCTION = YES;
				GCC_WARN_UNUSED_VARIABLE = YES;
				IPHONEOS_DEPLOYMENT_TARGET = 13.4;
				MTL_ENABLE_DEBUG_INFO = NO;
				MTL_FAST_MATH = YES;
				SDKROOT = iphoneos;
				SWIFT_COMPILATION_MODE = wholemodule;
				SWIFT_OPTIMIZATION_LEVEL = "-O";
				VALIDATE_PRODUCT = YES;
			};
			name = Release;
		};
		EE89C0C3244AB1D700077938 /* Debug */ = {
			isa = XCBuildConfiguration;
			buildSettings = {
				ASSETCATALOG_COMPILER_APPICON_NAME = AppIcon;
				CODE_SIGN_STYLE = Automatic;
				DEVELOPMENT_TEAM = TU6WP44FZA;
				INFOPLIST_FILE = MemeMe/Info.plist;
				LD_RUNPATH_SEARCH_PATHS = (
					"$(inherited)",
					"@executable_path/Frameworks",
				);
				PRODUCT_BUNDLE_IDENTIFIER = com.nanodegree.MemeMe;
				PRODUCT_NAME = "$(TARGET_NAME)";
				SWIFT_VERSION = 5.0;
				TARGETED_DEVICE_FAMILY = "1,2";
			};
			name = Debug;
		};
		EE89C0C4244AB1D700077938 /* Release */ = {
			isa = XCBuildConfiguration;
			buildSettings = {
				ASSETCATALOG_COMPILER_APPICON_NAME = AppIcon;
				CODE_SIGN_STYLE = Automatic;
				DEVELOPMENT_TEAM = TU6WP44FZA;
				INFOPLIST_FILE = MemeMe/Info.plist;
				LD_RUNPATH_SEARCH_PATHS = (
					"$(inherited)",
					"@executable_path/Frameworks",
				);
				PRODUCT_BUNDLE_IDENTIFIER = com.nanodegree.MemeMe;
				PRODUCT_NAME = "$(TARGET_NAME)";
				SWIFT_VERSION = 5.0;
				TARGETED_DEVICE_FAMILY = "1,2";
			};
			name = Release;
		};
		EE89C0C6244AB1D700077938 /* Debug */ = {
			isa = XCBuildConfiguration;
			buildSettings = {
				ALWAYS_EMBED_SWIFT_STANDARD_LIBRARIES = YES;
				BUNDLE_LOADER = "$(TEST_HOST)";
				CODE_SIGN_STYLE = Automatic;
				DEVELOPMENT_TEAM = TU6WP44FZA;
				INFOPLIST_FILE = MemeMeTests/Info.plist;
				IPHONEOS_DEPLOYMENT_TARGET = 13.4;
				LD_RUNPATH_SEARCH_PATHS = (
					"$(inherited)",
					"@executable_path/Frameworks",
					"@loader_path/Frameworks",
				);
				PRODUCT_BUNDLE_IDENTIFIER = com.nanodegree.MemeMeTests;
				PRODUCT_NAME = "$(TARGET_NAME)";
				SWIFT_VERSION = 5.0;
				TARGETED_DEVICE_FAMILY = "1,2";
				TEST_HOST = "$(BUILT_PRODUCTS_DIR)/MemeMe.app/MemeMe";
			};
			name = Debug;
		};
		EE89C0C7244AB1D700077938 /* Release */ = {
			isa = XCBuildConfiguration;
			buildSettings = {
				ALWAYS_EMBED_SWIFT_STANDARD_LIBRARIES = YES;
				BUNDLE_LOADER = "$(TEST_HOST)";
				CODE_SIGN_STYLE = Automatic;
				DEVELOPMENT_TEAM = TU6WP44FZA;
				INFOPLIST_FILE = MemeMeTests/Info.plist;
				IPHONEOS_DEPLOYMENT_TARGET = 13.4;
				LD_RUNPATH_SEARCH_PATHS = (
					"$(inherited)",
					"@executable_path/Frameworks",
					"@loader_path/Frameworks",
				);
				PRODUCT_BUNDLE_IDENTIFIER = com.nanodegree.MemeMeTests;
				PRODUCT_NAME = "$(TARGET_NAME)";
				SWIFT_VERSION = 5.0;
				TARGETED_DEVICE_FAMILY = "1,2";
				TEST_HOST = "$(BUILT_PRODUCTS_DIR)/MemeMe.app/MemeMe";
			};
			name = Release;
		};
/* End XCBuildConfiguration section */

/* Begin XCConfigurationList section */
		EE89C09E244AB1D600077938 /* Build configuration list for PBXProject "MemeMe" */ = {
			isa = XCConfigurationList;
			buildConfigurations = (
				EE89C0C0244AB1D700077938 /* Debug */,
				EE89C0C1244AB1D700077938 /* Release */,
			);
			defaultConfigurationIsVisible = 0;
			defaultConfigurationName = Release;
		};
		EE89C0C2244AB1D700077938 /* Build configuration list for PBXNativeTarget "MemeMe" */ = {
			isa = XCConfigurationList;
			buildConfigurations = (
				EE89C0C3244AB1D700077938 /* Debug */,
				EE89C0C4244AB1D700077938 /* Release */,
			);
			defaultConfigurationIsVisible = 0;
			defaultConfigurationName = Release;
		};
		EE89C0C5244AB1D700077938 /* Build configuration list for PBXNativeTarget "MemeMeTests" */ = {
			isa = XCConfigurationList;
			buildConfigurations = (
				EE89C0C6244AB1D700077938 /* Debug */,
				EE89C0C7244AB1D700077938 /* Release */,
			);
			defaultConfigurationIsVisible = 0;
			defaultConfigurationName = Release;
		};
/* End XCConfigurationList section */
	};
	rootObject = EE89C09B244AB1D600077938 /* Project object */;
}
